<?xml version="1.0" encoding="utf-8"?>
<Project ToolsVersion="4.0" xmlns="http://schemas.microsoft.com/developer/msbuild/2003">
  <ItemGroup>
    <Filter Include="源文件">
      <UniqueIdentifier>{4FC737F1-C7A5-4376-A066-2A32D752A2FF}</UniqueIdentifier>
      <Extensions>cpp;c;cc;cxx;c++;cppm;ixx;def;odl;idl;hpj;bat;asm;asmx</Extensions>
    </Filter>
    <Filter Include="头文件">
      <UniqueIdentifier>{93995380-89BD-4b04-88EB-625FBE52EBFB}</UniqueIdentifier>
      <Extensions>h;hh;hpp;hxx;h++;hm;inl;inc;ipp;xsd</Extensions>
    </Filter>
    <Filter Include="资源文件">
      <UniqueIdentifier>{67DA6AB6-F800-4c08-8B7A-83BB121AAD01}</UniqueIdentifier>
      <Extensions>rc;ico;cur;bmp;dlg;rc2;rct;bin;rgs;gif;jpg;jpeg;jpe;resx;tiff;tif;png;wav;mfcribbon-ms</Extensions>
    </Filter>
  </ItemGroup>
  <ItemGroup>
    <ClInclude Include="Book.h">
      <Filter>头文件</Filter>
    </ClInclude>
    <ClInclude Include="BorrowRecord.h">
      <Filter>头文件</Filter>
    </ClInclude>
    <ClInclude Include="Date.h">
      <Filter>头文件</Filter>
    </ClInclude>
    <ClInclude Include="Library.h">
      <Filter>头文件</Filter>
    </ClInclude>
    <!-- ★修正12-c：与 .vcxproj 同步，Reader.h 归类到头文件 -->
    <ClInclude Include="Reader.h">
      <Filter>头文件</Filter>
    </ClInclude>
  </ItemGroup>
  <ItemGroup>
    <ClCompile Include="Book.cpp">
      <Filter>源文件</Filter>
    </ClCompile>
    <!-- ★修正12-d：同步登记新建的两个源文件 -->
    <ClCompile Include="BorrowRecord.cpp">
      <Filter>源文件</Filter>
    </ClCompile>
    <ClCompile Include="Date.cpp">
      <Filter>源文件</Filter>
    </ClCompile>
    <ClCompile Include="main.cpp">
      <Filter>源文件</Filter>
    </ClCompile>
    <ClCompile Include="Library.cpp">
      <Filter>源文件</Filter>
    </ClCompile>
    <ClCompile Include="Reader.cpp">
      <Filter>源文件</Filter>
    </ClCompile>
  </ItemGroup>
</Project>